// !$*UTF8*$!
{
	archiveVersion = 1;
	classes = {
	};
	objectVersion = 50;
	objects = {

/* Begin PBXBuildFile section */
		3A23BBFD254183610068D485 /* AppDelegate.swift in Sources */ = {isa = PBXBuildFile; fileRef = 3A23BBFC254183610068D485 /* AppDelegate.swift */; };
		3A23BBFF254183610068D485 /* SceneDelegate.swift in Sources */ = {isa = PBXBuildFile; fileRef = 3A23BBFE254183610068D485 /* SceneDelegate.swift */; };
		3A23BC01254183610068D485 /* ViewController.swift in Sources */ = {isa = PBXBuildFile; fileRef = 3A23BC00254183610068D485 /* ViewController.swift */; };
		3A23BC04254183610068D485 /* Main.storyboard in Resources */ = {isa = PBXBuildFile; fileRef = 3A23BC02254183610068D485 /* Main.storyboard */; };
		3A23BC06254183630068D485 /* Assets.xcassets in Resources */ = {isa = PBXBuildFile; fileRef = 3A23BC05254183630068D485 /* Assets.xcassets */; };
		3A23BC09254183630068D485 /* LaunchScreen.storyboard in Resources */ = {isa = PBXBuildFile; fileRef = 3A23BC07254183630068D485 /* LaunchScreen.storyboard */; };
		3A23BC14254183630068D485 /* PokedexTests.swift in Sources */ = {isa = PBXBuildFile; fileRef = 3A23BC13254183630068D485 /* PokedexTests.swift */; };
		3A23BC1F254183630068D485 /* PokedexUITests.swift in Sources */ = {isa = PBXBuildFile; fileRef = 3A23BC1E254183630068D485 /* PokedexUITests.swift */; };
		3A23BC30254187380068D485 /* Pokemon.swift in Sources */ = {isa = PBXBuildFile; fileRef = 3A23BC2F254187380068D485 /* Pokemon.swift */; };
		3A23BC35254196360068D485 /* PokemonViewController.swift in Sources */ = {isa = PBXBuildFile; fileRef = 3A23BC34254196360068D485 /* PokemonViewController.swift */; };
/* End PBXBuildFile section */

/* Begin PBXContainerItemProxy section */
		3A23BC10254183630068D485 /* PBXContainerItemProxy */ = {
			isa = PBXContainerItemProxy;
			containerPortal = 3A23BBF1254183610068D485 /* Project object */;
			proxyType = 1;
			remoteGlobalIDString = 3A23BBF8254183610068D485;
			remoteInfo = Pokedex;
		};
		3A23BC1B254183630068D485 /* PBXContainerItemProxy */ = {
			isa = PBXContainerItemProxy;
			containerPortal = 3A23BBF1254183610068D485 /* Project object */;
			proxyType = 1;
			remoteGlobalIDString = 3A23BBF8254183610068D485;
			remoteInfo = Pokedex;
		};
/* End PBXContainerItemProxy section */

/* Begin PBXFileReference section */
		3A23BBF9254183610068D485 /* Pokedex.app */ = {isa = PBXFileReference; explicitFileType = wrapper.application; includeInIndex = 0; path = Pokedex.app; sourceTree = BUILT_PRODUCTS_DIR; };
		3A23BBFC254183610068D485 /* AppDelegate.swift */ = {isa = PBXFileReference; lastKnownFileType = sourcecode.swift; path = AppDelegate.swift; sourceTree = "<group>"; };
		3A23BBFE254183610068D485 /* SceneDelegate.swift */ = {isa = PBXFileReference; lastKnownFileType = sourcecode.swift; path = SceneDelegate.swift; sourceTree = "<group>"; };
		3A23BC00254183610068D485 /* ViewController.swift */ = {isa = PBXFileReference; lastKnownFileType = sourcecode.swift; path = ViewController.swift; sourceTree = "<group>"; };
		3A23BC03254183610068D485 /* Base */ = {isa = PBXFileReference; lastKnownFileType = file.storyboard; name = Base; path = Base.lproj/Main.storyboard; sourceTree = "<group>"; };
		3A23BC05254183630068D485 /* Assets.xcassets */ = {isa = PBXFileReference; lastKnownFileType = folder.assetcatalog; path = Assets.xcassets; sourceTree = "<group>"; };
		3A23BC08254183630068D485 /* Base */ = {isa = PBXFileReference; lastKnownFileType = file.storyboard; name = Base; path = Base.lproj/LaunchScreen.storyboard; sourceTree = "<group>"; };
		3A23BC0A254183630068D485 /* Info.plist */ = {isa = PBXFileReference; lastKnownFileType = text.plist.xml; path = Info.plist; sourceTree = "<group>"; };
		3A23BC0F254183630068D485 /* PokedexTests.xctest */ = {isa = PBXFileReference; explicitFileType = wrapper.cfbundle; includeInIndex = 0; path = PokedexTests.xctest; sourceTree = BUILT_PRODUCTS_DIR; };
		3A23BC13254183630068D485 /* PokedexTests.swift */ = {isa = PBXFileReference; lastKnownFileType = sourcecode.swift; path = PokedexTests.swift; sourceTree = "<group>"; };
		3A23BC15254183630068D485 /* Info.plist */ = {isa = PBXFileReference; lastKnownFileType = text.plist.xml; path = Info.plist; sourceTree = "<group>"; };
		3A23BC1A254183630068D485 /* PokedexUITests.xctest */ = {isa = PBXFileReference; explicitFileType = wrapper.cfbundle; includeInIndex = 0; path = PokedexUITests.xctest; sourceTree = BUILT_PRODUCTS_DIR; };
		3A23BC1E254183630068D485 /* PokedexUITests.swift */ = {isa = PBXFileReference; lastKnownFileType = sourcecode.swift; path = PokedexUITests.swift; sourceTree = "<group>"; };
		3A23BC20254183630068D485 /* Info.plist */ = {isa = PBXFileReference; lastKnownFileType = text.plist.xml; path = Info.plist; sourceTree = "<group>"; };
		3A23BC2F254187380068D485 /* Pokemon.swift */ = {isa = PBXFileReference; lastKnownFileType = sourcecode.swift; path = Pokemon.swift; sourceTree = "<group>"; };
		3A23BC34254196360068D485 /* PokemonViewController.swift */ = {isa = PBXFileReference; lastKnownFileType = sourcecode.swift; path = PokemonViewController.swift; sourceTree = "<group>"; };
/* End PBXFileReference section */

/* Begin PBXFrameworksBuildPhase section */
		3A23BBF6254183610068D485 /* Frameworks */ = {
			isa = PBXFrameworksBuildPhase;
			buildActionMask = 2147483647;
			files = (
			);
			runOnlyForDeploymentPostprocessing = 0;
		};
		3A23BC0C254183630068D485 /* Frameworks */ = {
			isa = PBXFrameworksBuildPhase;
			buildActionMask = 2147483647;
			files = (
			);
			runOnlyForDeploymentPostprocessing = 0;
		};
		3A23BC17254183630068D485 /* Frameworks */ = {
			isa = PBXFrameworksBuildPhase;
			buildActionMask = 2147483647;
			files = (
			);
			runOnlyForDeploymentPostprocessing = 0;
		};
/* End PBXFrameworksBuildPhase section */

/* Begin PBXGroup section */
		3A23BBF0254183610068D485 = {
			isa = PBXGroup;
			children = (
				3A23BBFB254183610068D485 /* Pokedex */,
				3A23BC12254183630068D485 /* PokedexTests */,
				3A23BC1D254183630068D485 /* PokedexUITests */,
				3A23BBFA254183610068D485 /* Products */,
			);
			sourceTree = "<group>";
		};
		3A23BBFA254183610068D485 /* Products */ = {
			isa = PBXGroup;
			children = (
				3A23BBF9254183610068D485 /* Pokedex.app */,
				3A23BC0F254183630068D485 /* PokedexTests.xctest */,
				3A23BC1A254183630068D485 /* PokedexUITests.xctest */,
			);
			name = Products;
			sourceTree = "<group>";
		};
		3A23BBFB254183610068D485 /* Pokedex */ = {
			isa = PBXGroup;
			children = (
				3A23BBFC254183610068D485 /* AppDelegate.swift */,
				3A23BBFE254183610068D485 /* SceneDelegate.swift */,
				3A23BC00254183610068D485 /* ViewController.swift */,
				3A23BC02254183610068D485 /* Main.storyboard */,
				3A23BC05254183630068D485 /* Assets.xcassets */,
				3A23BC07254183630068D485 /* LaunchScreen.storyboard */,
				3A23BC0A254183630068D485 /* Info.plist */,
				3A23BC2F254187380068D485 /* Pokemon.swift */,
				3A23BC34254196360068D485 /* PokemonViewController.swift */,
			);
			path = Pokedex;
			sourceTree = "<group>";
		};
		3A23BC12254183630068D485 /* PokedexTests */ = {
			isa = PBXGroup;
			children = (
				3A23BC13254183630068D485 /* PokedexTests.swift */,
				3A23BC15254183630068D485 /* Info.plist */,
			);
			path = PokedexTests;
			sourceTree = "<group>";
		};
		3A23BC1D254183630068D485 /* PokedexUITests */ = {
			isa = PBXGroup;
			children = (
				3A23BC1E254183630068D485 /* PokedexUITests.swift */,
				3A23BC20254183630068D485 /* Info.plist */,
			);
			path = PokedexUITests;
			sourceTree = "<group>";
		};
/* End PBXGroup section */

/* Begin PBXNativeTarget section */
		3A23BBF8254183610068D485 /* Pokedex */ = {
			isa = PBXNativeTarget;
			buildConfigurationList = 3A23BC23254183630068D485 /* Build configuration list for PBXNativeTarget "Pokedex" */;
			buildPhases = (
				3A23BBF5254183610068D485 /* Sources */,
				3A23BBF6254183610068D485 /* Frameworks */,
				3A23BBF7254183610068D485 /* Resources */,
			);
			buildRules = (
			);
			dependencies = (
			);
			name = Pokedex;
			productName = Pokedex;
			productReference = 3A23BBF9254183610068D485 /* Pokedex.app */;
			productType = "com.apple.product-type.application";
		};
		3A23BC0E254183630068D485 /* PokedexTests */ = {
			isa = PBXNativeTarget;
			buildConfigurationList = 3A23BC26254183630068D485 /* Build configuration list for PBXNativeTarget "PokedexTests" */;
			buildPhases = (
				3A23BC0B254183630068D485 /* Sources */,
				3A23BC0C254183630068D485 /* Frameworks */,
				3A23BC0D254183630068D485 /* Resources */,
			);
			buildRules = (
			);
			dependencies = (
				3A23BC11254183630068D485 /* PBXTargetDependency */,
			);
			name = PokedexTests;
			productName = PokedexTests;
			productReference = 3A23BC0F254183630068D485 /* PokedexTests.xctest */;
			productType = "com.apple.product-type.bundle.unit-test";
		};
		3A23BC19254183630068D485 /* PokedexUITests */ = {
			isa = PBXNativeTarget;
			buildConfigurationList = 3A23BC29254183630068D485 /* Build configuration list for PBXNativeTarget "PokedexUITests" */;
			buildPhases = (
				3A23BC16254183630068D485 /* Sources */,
				3A23BC17254183630068D485 /* Frameworks */,
				3A23BC18254183630068D485 /* Resources */,
			);
			buildRules = (
			);
			dependencies = (
				3A23BC1C254183630068D485 /* PBXTargetDependency */,
			);
			name = PokedexUITests;
			productName = PokedexUITests;
			productReference = 3A23BC1A254183630068D485 /* PokedexUITests.xctest */;
			productType = "com.apple.product-type.bundle.ui-testing";
		};
/* End PBXNativeTarget section */

/* Begin PBXProject section */
		3A23BBF1254183610068D485 /* Project object */ = {
			isa = PBXProject;
			attributes = {
				LastSwiftUpdateCheck = 1200;
				LastUpgradeCheck = 1200;
				TargetAttributes = {
					3A23BBF8254183610068D485 = {
						CreatedOnToolsVersion = 12.0.1;
					};
					3A23BC0E254183630068D485 = {
						CreatedOnToolsVersion = 12.0.1;
						TestTargetID = 3A23BBF8254183610068D485;
					};
					3A23BC19254183630068D485 = {
						CreatedOnToolsVersion = 12.0.1;
						TestTargetID = 3A23BBF8254183610068D485;
					};
				};
			};
			buildConfigurationList = 3A23BBF4254183610068D485 /* Build configuration list for PBXProject "Pokedex" */;
			compatibilityVersion = "Xcode 9.3";
			developmentRegion = en;
			hasScannedForEncodings = 0;
			knownRegions = (
				en,
				Base,
			);
			mainGroup = 3A23BBF0254183610068D485;
			productRefGroup = 3A23BBFA254183610068D485 /* Products */;
			projectDirPath = "";
			projectRoot = "";
			targets = (
				3A23BBF8254183610068D485 /* Pokedex */,
				3A23BC0E254183630068D485 /* PokedexTests */,
				3A23BC19254183630068D485 /* PokedexUITests */,
			);
		};
/* End PBXProject section */

/* Begin PBXResourcesBuildPhase section */
		3A23BBF7254183610068D485 /* Resources */ = {
			isa = PBXResourcesBuildPhase;
			buildActionMask = 2147483647;
			files = (
				3A23BC09254183630068D485 /* LaunchScreen.storyboard in Resources */,
				3A23BC06254183630068D485 /* Assets.xcassets in Resources */,
				3A23BC04254183610068D485 /* Main.storyboard in Resources */,
			);
			runOnlyForDeploymentPostprocessing = 0;
		};
		3A23BC0D254183630068D485 /* Resources */ = {
			isa = PBXResourcesBuildPhase;
			buildActionMask = 2147483647;
			files = (
			);
			runOnlyForDeploymentPostprocessing = 0;
		};
		3A23BC18254183630068D485 /* Resources */ = {
			isa = PBXResourcesBuildPhase;
			buildActionMask = 2147483647;
			files = (
			);
			runOnlyForDeploymentPostprocessing = 0;
		};
/* End PBXResourcesBuildPhase section */

/* Begin PBXSourcesBuildPhase section */
		3A23BBF5254183610068D485 /* Sources */ = {
			isa = PBXSourcesBuildPhase;
			buildActionMask = 2147483647;
			files = (
				3A23BC01254183610068D485 /* ViewController.swift in Sources */,
				3A23BC35254196360068D485 /* PokemonViewController.swift in Sources */,
				3A23BC30254187380068D485 /* Pokemon.swift in Sources */,
				3A23BBFD254183610068D485 /* AppDelegate.swift in Sources */,
				3A23BBFF254183610068D485 /* SceneDelegate.swift in Sources */,
			);
			runOnlyForDeploymentPostprocessing = 0;
		};
		3A23BC0B254183630068D485 /* Sources */ = {
			isa = PBXSourcesBuildPhase;
			buildActionMask = 2147483647;
			files = (
				3A23BC14254183630068D485 /* PokedexTests.swift in Sources */,
			);
			runOnlyForDeploymentPostprocessing = 0;
		};
		3A23BC16254183630068D485 /* Sources */ = {
			isa = PBXSourcesBuildPhase;
			buildActionMask = 2147483647;
			files = (
				3A23BC1F254183630068D485 /* PokedexUITests.swift in Sources */,
			);
			runOnlyForDeploymentPostprocessing = 0;
		};
/* End PBXSourcesBuildPhase section */

/* Begin PBXTargetDependency section */
		3A23BC11254183630068D485 /* PBXTargetDependency */ = {
			isa = PBXTargetDependency;
			target = 3A23BBF8254183610068D485 /* Pokedex */;
			targetProxy = 3A23BC10254183630068D485 /* PBXContainerItemProxy */;
		};
		3A23BC1C254183630068D485 /* PBXTargetDependency */ = {
			isa = PBXTargetDependency;
			target = 3A23BBF8254183610068D485 /* Pokedex */;
			targetProxy = 3A23BC1B254183630068D485 /* PBXContainerItemProxy */;
		};
/* End PBXTargetDependency section */

/* Begin PBXVariantGroup section */
		3A23BC02254183610068D485 /* Main.storyboard */ = {
			isa = PBXVariantGroup;
			children = (
				3A23BC03254183610068D485 /* Base */,
			);
			name = Main.storyboard;
			sourceTree = "<group>";
		};
		3A23BC07254183630068D485 /* LaunchScreen.storyboard */ = {
			isa = PBXVariantGroup;
			children = (
				3A23BC08254183630068D485 /* Base */,
			);
			name = LaunchScreen.storyboard;
			sourceTree = "<group>";
		};
/* End PBXVariantGroup section */

/* Begin XCBuildConfiguration section */
		3A23BC21254183630068D485 /* Debug */ = {
			isa = XCBuildConfiguration;
			buildSettings = {
				ALWAYS_SEARCH_USER_PATHS = NO;
				CLANG_ANALYZER_NONNULL = YES;
				CLANG_ANALYZER_NUMBER_OBJECT_CONVERSION = YES_AGGRESSIVE;
				CLANG_CXX_LANGUAGE_STANDARD = "gnu++14";
				CLANG_CXX_LIBRARY = "libc++";
				CLANG_ENABLE_MODULES = YES;
				CLANG_ENABLE_OBJC_ARC = YES;
				CLANG_ENABLE_OBJC_WEAK = YES;
				CLANG_WARN_BLOCK_CAPTURE_AUTORELEASING = YES;
				CLANG_WARN_BOOL_CONVERSION = YES;
				CLANG_WARN_COMMA = YES;
				CLANG_WARN_CONSTANT_CONVERSION = YES;
				CLANG_WARN_DEPRECATED_OBJC_IMPLEMENTATIONS = YES;
				CLANG_WARN_DIRECT_OBJC_ISA_USAGE = YES_ERROR;
				CLANG_WARN_DOCUMENTATION_COMMENTS = YES;
				CLANG_WARN_EMPTY_BODY = YES;
				CLANG_WARN_ENUM_CONVERSION = YES;
				CLANG_WARN_INFINITE_RECURSION = YES;
				CLANG_WARN_INT_CONVERSION = YES;
				CLANG_WARN_NON_LITERAL_NULL_CONVERSION = YES;
				CLANG_WARN_OBJC_IMPLICIT_RETAIN_SELF = YES;
				CLANG_WARN_OBJC_LITERAL_CONVERSION = YES;
				CLANG_WARN_OBJC_ROOT_CLASS = YES_ERROR;
				CLANG_WARN_QUOTED_INCLUDE_IN_FRAMEWORK_HEADER = YES;
				CLANG_WARN_RANGE_LOOP_ANALYSIS = YES;
				CLANG_WARN_STRICT_PROTOTYPES = YES;
				CLANG_WARN_SUSPICIOUS_MOVE = YES;
				CLANG_WARN_UNGUARDED_AVAILABILITY = YES_AGGRESSIVE;
				CLANG_WARN_UNREACHABLE_CODE = YES;
				CLANG_WARN__DUPLICATE_METHOD_MATCH = YES;
				COPY_PHASE_STRIP = NO;
				DEBUG_INFORMATION_FORMAT = dwarf;
				ENABLE_STRICT_OBJC_MSGSEND = YES;
				ENABLE_TESTABILITY = YES;
				GCC_C_LANGUAGE_STANDARD = gnu11;
				GCC_DYNAMIC_NO_PIC = NO;
				GCC_NO_COMMON_BLOCKS = YES;
				GCC_OPTIMIZATION_LEVEL = 0;
				GCC_PREPROCESSOR_DEFINITIONS = (
					"DEBUG=1",
					"$(inherited)",
				);
				GCC_WARN_64_TO_32_BIT_CONVERSION = YES;
				GCC_WARN_ABOUT_RETURN_TYPE = YES_ERROR;
				GCC_WARN_UNDECLARED_SELECTOR = YES;
				GCC_WARN_UNINITIALIZED_AUTOS = YES_AGGRESSIVE;
				GCC_WARN_UNUSED_FUNCTION = YES;
				GCC_WARN_UNUSED_VARIABLE = YES;
				IPHONEOS_DEPLOYMENT_TARGET = 14.0;
				MTL_ENABLE_DEBUG_INFO = INCLUDE_SOURCE;
				MTL_FAST_MATH = YES;
				ONLY_ACTIVE_ARCH = YES;
				SDKROOT = iphoneos;
				SWIFT_ACTIVE_COMPILATION_CONDITIONS = DEBUG;
				SWIFT_OPTIMIZATION_LEVEL = "-Onone";
			};
			name = Debug;
		};
		3A23BC22254183630068D485 /* Release */ = {
			isa = XCBuildConfiguration;
			buildSettings = {
				ALWAYS_SEARCH_USER_PATHS = NO;
				CLANG_ANALYZER_NONNULL = YES;
				CLANG_ANALYZER_NUMBER_OBJECT_CONVERSION = YES_AGGRESSIVE;
				CLANG_CXX_LANGUAGE_STANDARD = "gnu++14";
				CLANG_CXX_LIBRARY = "libc++";
				CLANG_ENABLE_MODULES = YES;
				CLANG_ENABLE_OBJC_ARC = YES;
				CLANG_ENABLE_OBJC_WEAK = YES;
				CLANG_WARN_BLOCK_CAPTURE_AUTORELEASING = YES;
				CLANG_WARN_BOOL_CONVERSION = YES;
				CLANG_WARN_COMMA = YES;
				CLANG_WARN_CONSTANT_CONVERSION = YES;
				CLANG_WARN_DEPRECATED_OBJC_IMPLEMENTATIONS = YES;
				CLANG_WARN_DIRECT_OBJC_ISA_USAGE = YES_ERROR;
				CLANG_WARN_DOCUMENTATION_COMMENTS = YES;
				CLANG_WARN_EMPTY_BODY = YES;
				CLANG_WARN_ENUM_CONVERSION = YES;
				CLANG_WARN_INFINITE_RECURSION = YES;
				CLANG_WARN_INT_CONVERSION = YES;
				CLANG_WARN_NON_LITERAL_NULL_CONVERSION = YES;
				CLANG_WARN_OBJC_IMPLICIT_RETAIN_SELF = YES;
				CLANG_WARN_OBJC_LITERAL_CONVERSION = YES;
				CLANG_WARN_OBJC_ROOT_CLASS = YES_ERROR;
				CLANG_WARN_QUOTED_INCLUDE_IN_FRAMEWORK_HEADER = YES;
				CLANG_WARN_RANGE_LOOP_ANALYSIS = YES;
				CLANG_WARN_STRICT_PROTOTYPES = YES;
				CLANG_WARN_SUSPICIOUS_MOVE = YES;
				CLANG_WARN_UNGUARDED_AVAILABILITY = YES_AGGRESSIVE;
				CLANG_WARN_UNREACHABLE_CODE = YES;
				CLANG_WARN__DUPLICATE_METHOD_MATCH = YES;
				COPY_PHASE_STRIP = NO;
				DEBUG_INFORMATION_FORMAT = "dwarf-with-dsym";
				ENABLE_NS_ASSERTIONS = NO;
				ENABLE_STRICT_OBJC_MSGSEND = YES;
				GCC_C_LANGUAGE_STANDARD = gnu11;
				GCC_NO_COMMON_BLOCKS = YES;
				GCC_WARN_64_TO_32_BIT_CONVERSION = YES;
				GCC_WARN_ABOUT_RETURN_TYPE = YES_ERROR;
				GCC_WARN_UNDECLARED_SELECTOR = YES;
				GCC_WARN_UNINITIALIZED_AUTOS = YES_AGGRESSIVE;
				GCC_WARN_UNUSED_FUNCTION = YES;
				GCC_WARN_UNUSED_VARIABLE = YES;
				IPHONEOS_DEPLOYMENT_TARGET = 14.0;
				MTL_ENABLE_DEBUG_INFO = NO;
				MTL_FAST_MATH = YES;
				SDKROOT = iphoneos;
				SWIFT_COMPILATION_MODE = wholemodule;
				SWIFT_OPTIMIZATION_LEVEL = "-O";
				VALIDATE_PRODUCT = YES;
			};
			name = Release;
		};
		3A23BC24254183630068D485 /* Debug */ = {
			isa = XCBuildConfiguration;
			buildSettings = {
				ASSETCATALOG_COMPILER_APPICON_NAME = AppIcon;
				ASSETCATALOG_COMPILER_GLOBAL_ACCENT_COLOR_NAME = AccentColor;
				CODE_SIGN_STYLE = Automatic;
				DEVELOPMENT_TEAM = DPRYF2FG95;
				INFOPLIST_FILE = Pokedex/Info.plist;
				LD_RUNPATH_SEARCH_PATHS = (
					"$(inherited)",
					"@executable_path/Frameworks",
				);
				PRODUCT_BUNDLE_IDENTIFIER = me.hlyanhtet.Pokedex;
				PRODUCT_NAME = "$(TARGET_NAME)";
				SWIFT_VERSION = 5.0;
				TARGETED_DEVICE_FAMILY = "1,2";
			};
			name = Debug;
		};
		3A23BC25254183630068D485 /* Release */ = {
			isa = XCBuildConfiguration;
			buildSettings = {
				ASSETCATALOG_COMPILER_APPICON_NAME = AppIcon;
				ASSETCATALOG_COMPILER_GLOBAL_ACCENT_COLOR_NAME = AccentColor;
				CODE_SIGN_STYLE = Automatic;
				DEVELOPMENT_TEAM = DPRYF2FG95;
				INFOPLIST_FILE = Pokedex/Info.plist;
				LD_RUNPATH_SEARCH_PATHS = (
					"$(inherited)",
					"@executable_path/Frameworks",
				);
				PRODUCT_BUNDLE_IDENTIFIER = me.hlyanhtet.Pokedex;
				PRODUCT_NAME = "$(TARGET_NAME)";
				SWIFT_VERSION = 5.0;
				TARGETED_DEVICE_FAMILY = "1,2";
			};
			name = Release;
		};
		3A23BC27254183630068D485 /* Debug */ = {
			isa = XCBuildConfiguration;
			buildSettings = {
				ALWAYS_EMBED_SWIFT_STANDARD_LIBRARIES = YES;
				BUNDLE_LOADER = "$(TEST_HOST)";
				CODE_SIGN_STYLE = Automatic;
				DEVELOPMENT_TEAM = DPRYF2FG95;
				INFOPLIST_FILE = PokedexTests/Info.plist;
				IPHONEOS_DEPLOYMENT_TARGET = 14.0;
				LD_RUNPATH_SEARCH_PATHS = (
					"$(inherited)",
					"@executable_path/Frameworks",
					"@loader_path/Frameworks",
				);
				PRODUCT_BUNDLE_IDENTIFIER = me.hlyanhtet.PokedexTests;
				PRODUCT_NAME = "$(TARGET_NAME)";
				SWIFT_VERSION = 5.0;
				TARGETED_DEVICE_FAMILY = "1,2";
				TEST_HOST = "$(BUILT_PRODUCTS_DIR)/Pokedex.app/Pokedex";
			};
			name = Debug;
		};
		3A23BC28254183630068D485 /* Release */ = {
			isa = XCBuildConfiguration;
			buildSettings = {
				ALWAYS_EMBED_SWIFT_STANDARD_LIBRARIES = YES;
				BUNDLE_LOADER = "$(TEST_HOST)";
				CODE_SIGN_STYLE = Automatic;
				DEVELOPMENT_TEAM = DPRYF2FG95;
				INFOPLIST_FILE = PokedexTests/Info.plist;
				IPHONEOS_DEPLOYMENT_TARGET = 14.0;
				LD_RUNPATH_SEARCH_PATHS = (
					"$(inherited)",
					"@executable_path/Frameworks",
					"@loader_path/Frameworks",
				);
				PRODUCT_BUNDLE_IDENTIFIER = me.hlyanhtet.PokedexTests;
				PRODUCT_NAME = "$(TARGET_NAME)";
				SWIFT_VERSION = 5.0;
				TARGETED_DEVICE_FAMILY = "1,2";
				TEST_HOST = "$(BUILT_PRODUCTS_DIR)/Pokedex.app/Pokedex";
			};
			name = Release;
		};
		3A23BC2A254183630068D485 /* Debug */ = {
			isa = XCBuildConfiguration;
			buildSettings = {
				ALWAYS_EMBED_SWIFT_STANDARD_LIBRARIES = YES;
				CODE_SIGN_STYLE = Automatic;
				DEVELOPMENT_TEAM = DPRYF2FG95;
				INFOPLIST_FILE = PokedexUITests/Info.plist;
				LD_RUNPATH_SEARCH_PATHS = (
					"$(inherited)",
					"@executable_path/Frameworks",
					"@loader_path/Frameworks",
				);
				PRODUCT_BUNDLE_IDENTIFIER = me.hlyanhtet.PokedexUITests;
				PRODUCT_NAME = "$(TARGET_NAME)";
				SWIFT_VERSION = 5.0;
				TARGETED_DEVICE_FAMILY = "1,2";
				TEST_TARGET_NAME = Pokedex;
			};
			name = Debug;
		};
		3A23BC2B254183630068D485 /* Release */ = {
			isa = XCBuildConfiguration;
			buildSettings = {
				ALWAYS_EMBED_SWIFT_STANDARD_LIBRARIES = YES;
				CODE_SIGN_STYLE = Automatic;
				DEVELOPMENT_TEAM = DPRYF2FG95;
				INFOPLIST_FILE = PokedexUITests/Info.plist;
				LD_RUNPATH_SEARCH_PATHS = (
					"$(inherited)",
					"@executable_path/Frameworks",
					"@loader_path/Frameworks",
				);
				PRODUCT_BUNDLE_IDENTIFIER = me.hlyanhtet.PokedexUITests;
				PRODUCT_NAME = "$(TARGET_NAME)";
				SWIFT_VERSION = 5.0;
				TARGETED_DEVICE_FAMILY = "1,2";
				TEST_TARGET_NAME = Pokedex;
			};
			name = Release;
		};
/* End XCBuildConfiguration section */

/* Begin XCConfigurationList section */
		3A23BBF4254183610068D485 /* Build configuration list for PBXProject "Pokedex" */ = {
			isa = XCConfigurationList;
			buildConfigurations = (
				3A23BC21254183630068D485 /* Debug */,
				3A23BC22254183630068D485 /* Release */,
			);
			defaultConfigurationIsVisible = 0;
			defaultConfigurationName = Release;
		};
		3A23BC23254183630068D485 /* Build configuration list for PBXNativeTarget "Pokedex" */ = {
			isa = XCConfigurationList;
			buildConfigurations = (
				3A23BC24254183630068D485 /* Debug */,
				3A23BC25254183630068D485 /* Release */,
			);
			defaultConfigurationIsVisible = 0;
			defaultConfigurationName = Release;
		};
		3A23BC26254183630068D485 /* Build configuration list for PBXNativeTarget "PokedexTests" */ = {
			isa = XCConfigurationList;
			buildConfigurations = (
				3A23BC27254183630068D485 /* Debug */,
				3A23BC28254183630068D485 /* Release */,
			);
			defaultConfigurationIsVisible = 0;
			defaultConfigurationName = Release;
		};
		3A23BC29254183630068D485 /* Build configuration list for PBXNativeTarget "PokedexUITests" */ = {
			isa = XCConfigurationList;
			buildConfigurations = (
				3A23BC2A254183630068D485 /* Debug */,
				3A23BC2B254183630068D485 /* Release */,
			);
			defaultConfigurationIsVisible = 0;
			defaultConfigurationName = Release;
		};
/* End XCConfigurationList section */
	};
	rootObject = 3A23BBF1254183610068D485 /* Project object */;
}
